
Microsoft Visual Studio Solution File, Format Version 12.00
# Visual Studio Version 17
VisualStudioVersion = 17.14.36623.8
MinimumVisualStudioVersion = 10.0.40219.1
Project("{FAE04EC0-301F-11D3-BF4B-00C04F79EFBC}") = "TravelSystem", "TravelSystem.csproj", "{7E3D7F3C-7847-4E63-8FE7-0E2DCBDFC998}"
EndProject
Project("{FAE04EC0-301F-11D3-BF4B-00C04F79EFBC}") = "TravelSystem.Entities", "..\TravelSystem.Core\TravelSystem.Entities.csproj", "{064F481A-616C-4D3A-B6DC-0729040AF641}"
EndProject
Project("{FAE04EC0-301F-11D3-BF4B-00C04F79EFBC}") = "TravelSystem.Services", "..\TravelSystem.Services\TravelSystem.Services.csproj", "{DF2882D0-CA88-4587-8820-DD8783D77B84}"
EndProject
Project("{FAE04EC0-301F-11D3-BF4B-00C04F79EFBC}") = "TravelSystem.Repositories", "..\TravelSystem.Repositories\TravelSystem.Repositories.csproj", "{AC7F9669-23CB-4FB8-8363-A48CAB173352}"
EndProject
Project("{FAE04EC0-301F-11D3-BF4B-00C04F79EFBC}") = "TravelSystem.DTOs", "..\TravelSystem.DTOs\TravelSystem.DTOs.csproj", "{353CD346-9B6B-4C60-BAF7-766334920025}"
EndProject
Global
	GlobalSection(SolutionConfigurationPlatforms) = preSolution
		Debug|Any CPU = Debug|Any CPU
		Release|Any CPU = Release|Any CPU
	EndGlobalSection
	GlobalSection(ProjectConfigurationPlatforms) = postSolution
		{7E3D7F3C-7847-4E63-8FE7-0E2DCBDFC998}.Debug|Any CPU.ActiveCfg = Debug|Any CPU
		{7E3D7F3C-7847-4E63-8FE7-0E2DCBDFC998}.Debug|Any CPU.Build.0 = Debug|Any CPU
		{7E3D7F3C-7847-4E63-8FE7-0E2DCBDFC998}.Release|Any CPU.ActiveCfg = Release|Any CPU
		{7E3D7F3C-7847-4E63-8FE7-0E2DCBDFC998}.Release|Any CPU.Build.0 = Release|Any CPU
		{064F481A-616C-4D3A-B6DC-0729040AF641}.Debug|Any CPU.ActiveCfg = Debug|Any CPU
		{064F481A-616C-4D3A-B6DC-0729040AF641}.Debug|Any CPU.Build.0 = Debug|Any CPU
		{064F481A-616C-4D3A-B6DC-0729040AF641}.Release|Any CPU.ActiveCfg = Release|Any CPU
		{064F481A-616C-4D3A-B6DC-0729040AF641}.Release|Any CPU.Build.0 = Release|Any CPU
		{DF2882D0-CA88-4587-8820-DD8783D77B84}.Debug|Any CPU.ActiveCfg = Debug|Any CPU
		{DF2882D0-CA88-4587-8820-DD8783D77B84}.Debug|Any CPU.Build.0 = Debug|Any CPU
		{DF2882D0-CA88-4587-8820-DD8783D77B84}.Release|Any CPU.ActiveCfg = Release|Any CPU
		{DF2882D0-CA88-4587-8820-DD8783D77B84}.Release|Any CPU.Build.0 = Release|Any CPU
		{AC7F9669-23CB-4FB8-8363-A48CAB173352}.Debug|Any CPU.ActiveCfg = Debug|Any CPU
		{AC7F9669-23CB-4FB8-8363-A48CAB173352}.Debug|Any CPU.Build.0 = Debug|Any CPU
		{AC7F9669-23CB-4FB8-8363-A48CAB173352}.Release|Any CPU.ActiveCfg = Release|Any CPU
		{AC7F9669-23CB-4FB8-8363-A48CAB173352}.Release|Any CPU.Build.0 = Release|Any CPU
		{353CD346-9B6B-4C60-BAF7-766334920025}.Debug|Any CPU.ActiveCfg = Debug|Any CPU
		{353CD346-9B6B-4C60-BAF7-766334920025}.Debug|Any CPU.Build.0 = Debug|Any CPU
		{353CD346-9B6B-4C60-BAF7-766334920025}.Release|Any CPU.ActiveCfg = Release|Any CPU
		{353CD346-9B6B-4C60-BAF7-766334920025}.Release|Any CPU.Build.0 = Release|Any CPU
	EndGlobalSection
	GlobalSection(SolutionProperties) = preSolution
		HideSolutionNode = FALSE
	EndGlobalSection
	GlobalSection(ExtensibilityGlobals) = postSolution
		SolutionGuid = {6819D08A-5C7A-4A96-87B7-A31E573FF910}
	EndGlobalSection
EndGlobal
